// !$*UTF8*$!
{
	archiveVersion = 1;
	classes = {
	};
	objectVersion = 46;
	objects = {

/* Begin PBXBuildFile section */
		BF23BCD11EA51FF50078C64B /* machmac.c in Sources */ = {isa = PBXBuildFile; fileRef = BF23BCD01EA51FF50078C64B /* machmac.c */; };
/* End PBXBuildFile section */

/* Begin PBXFileReference section */
		BF23BCCD1EA51FF50078C64B /* machmac.kext */ = {isa = PBXFileReference; explicitFileType = wrapper.cfbundle; includeInIndex = 0; path = machmac.kext; sourceTree = BUILT_PRODUCTS_DIR; };
		BF23BCD01EA51FF50078C64B /* machmac.c */ = {isa = PBXFileReference; lastKnownFileType = sourcecode.c.c; path = machmac.c; sourceTree = "<group>"; };
		BF23BCD21EA51FF50078C64B /* Info.plist */ = {isa = PBXFileReference; lastKnownFileType = text.plist.xml; path = Info.plist; sourceTree = "<group>"; };
/* End PBXFileReference section */

/* Begin PBXFrameworksBuildPhase section */
		BF23BCC91EA51FF50078C64B /* Frameworks */ = {
			isa = PBXFrameworksBuildPhase;
			buildActionMask = 2147483647;
			files = (
			);
			runOnlyForDeploymentPostprocessing = 0;
		};
/* End PBXFrameworksBuildPhase section */

/* Begin PBXGroup section */
		BF23BCC31EA51FF50078C64B = {
			isa = PBXGroup;
			children = (
				BF23BCCF1EA51FF50078C64B /* machmac */,
				BF23BCCE1EA51FF50078C64B /* Products */,
			);
			sourceTree = "<group>";
		};
		BF23BCCE1EA51FF50078C64B /* Products */ = {
			isa = PBXGroup;
			children = (
				BF23BCCD1EA51FF50078C64B /* machmac.kext */,
			);
			name = Products;
			sourceTree = "<group>";
		};
		BF23BCCF1EA51FF50078C64B /* machmac */ = {
			isa = PBXGroup;
			children = (
				BF23BCD01EA51FF50078C64B /* machmac.c */,
				BF23BCD21EA51FF50078C64B /* Info.plist */,
			);
			path = machmac;
			sourceTree = "<group>";
		};
/* End PBXGroup section */

/* Begin PBXHeadersBuildPhase section */
		BF23BCCA1EA51FF50078C64B /* Headers */ = {
			isa = PBXHeadersBuildPhase;
			buildActionMask = 2147483647;
			files = (
			);
			runOnlyForDeploymentPostprocessing = 0;
		};
/* End PBXHeadersBuildPhase section */

/* Begin PBXNativeTarget section */
		BF23BCCC1EA51FF50078C64B /* machmac */ = {
			isa = PBXNativeTarget;
			buildConfigurationList = BF23BCD51EA51FF50078C64B /* Build configuration list for PBXNativeTarget "machmac" */;
			buildPhases = (
				BF23BCC81EA51FF50078C64B /* Sources */,
				BF23BCC91EA51FF50078C64B /* Frameworks */,
				BF23BCCA1EA51FF50078C64B /* Headers */,
				BF23BCCB1EA51FF50078C64B /* Resources */,
			);
			buildRules = (
			);
			dependencies = (
			);
			name = machmac;
			productName = machmac;
			productReference = BF23BCCD1EA51FF50078C64B /* machmac.kext */;
			productType = "com.apple.product-type.kernel-extension";
		};
/* End PBXNativeTarget section */

/* Begin PBXProject section */
		BF23BCC41EA51FF50078C64B /* Project object */ = {
			isa = PBXProject;
			attributes = {
				LastUpgradeCheck = 0830;
				ORGANIZATIONNAME = "Hraban Luyat";
				TargetAttributes = {
					BF23BCCC1EA51FF50078C64B = {
						CreatedOnToolsVersion = 8.3.1;
						ProvisioningStyle = Automatic;
					};
				};
			};
			buildConfigurationList = BF23BCC71EA51FF50078C64B /* Build configuration list for PBXProject "machmac" */;
			compatibilityVersion = "Xcode 3.2";
			developmentRegion = English;
			hasScannedForEncodings = 0;
			knownRegions = (
				en,
			);
			mainGroup = BF23BCC31EA51FF50078C64B;
			productRefGroup = BF23BCCE1EA51FF50078C64B /* Products */;
			projectDirPath = "";
			projectRoot = "";
			targets = (
				BF23BCCC1EA51FF50078C64B /* machmac */,
			);
		};
/* End PBXProject section */

/* Begin PBXResourcesBuildPhase section */
		BF23BCCB1EA51FF50078C64B /* Resources */ = {
			isa = PBXResourcesBuildPhase;
			buildActionMask = 2147483647;
			files = (
			);
			runOnlyForDeploymentPostprocessing = 0;
		};
/* End PBXResourcesBuildPhase section */

/* Begin PBXSourcesBuildPhase section */
		BF23BCC81EA51FF50078C64B /* Sources */ = {
			isa = PBXSourcesBuildPhase;
			buildActionMask = 2147483647;
			files = (
				BF23BCD11EA51FF50078C64B /* machmac.c in Sources */,
			);
			runOnlyForDeploymentPostprocessing = 0;
		};
/* End PBXSourcesBuildPhase section */

/* Begin XCBuildConfiguration section */
		BF23BCD31EA51FF50078C64B /* Debug */ = {
			isa = XCBuildConfiguration;
			buildSettings = {
				ALWAYS_SEARCH_USER_PATHS = NO;
				CLANG_ANALYZER_NONNULL = YES;
				CLANG_ANALYZER_NUMBER_OBJECT_CONVERSION = YES_AGGRESSIVE;
				CLANG_CXX_LANGUAGE_STANDARD = "gnu++0x";
				CLANG_CXX_LIBRARY = "libc++";
				CLANG_ENABLE_MODULES = YES;
				CLANG_ENABLE_OBJC_ARC = YES;
				CLANG_WARN_BOOL_CONVERSION = YES;
				CLANG_WARN_CONSTANT_CONVERSION = YES;
				CLANG_WARN_DIRECT_OBJC_ISA_USAGE = YES_ERROR;
				CLANG_WARN_DOCUMENTATION_COMMENTS = YES;
				CLANG_WARN_EMPTY_BODY = YES;
				CLANG_WARN_ENUM_CONVERSION = YES;
				CLANG_WARN_INFINITE_RECURSION = YES;
				CLANG_WARN_INT_CONVERSION = YES;
				CLANG_WARN_OBJC_ROOT_CLASS = YES_ERROR;
				CLANG_WARN_SUSPICIOUS_MOVE = YES;
				CLANG_WARN_UNREACHABLE_CODE = YES;
				CLANG_WARN__DUPLICATE_METHOD_MATCH = YES;
				CODE_SIGN_IDENTITY = "-";
				COPY_PHASE_STRIP = NO;
				DEBUG_INFORMATION_FORMAT = dwarf;
				ENABLE_STRICT_OBJC_MSGSEND = YES;
				ENABLE_TESTABILITY = YES;
				GCC_C_LANGUAGE_STANDARD = gnu99;
				GCC_DYNAMIC_NO_PIC = NO;
				GCC_NO_COMMON_BLOCKS = YES;
				GCC_OPTIMIZATION_LEVEL = 0;
				GCC_PREPROCESSOR_DEFINITIONS = (
					"DEBUG=1",
					"$(inherited)",
				);
				GCC_WARN_64_TO_32_BIT_CONVERSION = YES;
				GCC_WARN_ABOUT_RETURN_TYPE = YES_ERROR;
				GCC_WARN_UNDECLARED_SELECTOR = YES;
				GCC_WARN_UNINITIALIZED_AUTOS = YES_AGGRESSIVE;
				GCC_WARN_UNUSED_FUNCTION = YES;
				GCC_WARN_UNUSED_VARIABLE = YES;
				MACOSX_DEPLOYMENT_TARGET = 10.12;
				MTL_ENABLE_DEBUG_INFO = YES;
				ONLY_ACTIVE_ARCH = YES;
				SDKROOT = macosx;
			};
			name = Debug;
		};
		BF23BCD41EA51FF50078C64B /* Release */ = {
			isa = XCBuildConfiguration;
			buildSettings = {
				ALWAYS_SEARCH_USER_PATHS = NO;
				CLANG_ANALYZER_NONNULL = YES;
				CLANG_ANALYZER_NUMBER_OBJECT_CONVERSION = YES_AGGRESSIVE;
				CLANG_CXX_LANGUAGE_STANDARD = "gnu++0x";
				CLANG_CXX_LIBRARY = "libc++";
				CLANG_ENABLE_MODULES = YES;
				CLANG_ENABLE_OBJC_ARC = YES;
				CLANG_WARN_BOOL_CONVERSION = YES;
				CLANG_WARN_CONSTANT_CONVERSION = YES;
				CLANG_WARN_DIRECT_OBJC_ISA_USAGE = YES_ERROR;
				CLANG_WARN_DOCUMENTATION_COMMENTS = YES;
				CLANG_WARN_EMPTY_BODY = YES;
				CLANG_WARN_ENUM_CONVERSION = YES;
				CLANG_WARN_INFINITE_RECURSION = YES;
				CLANG_WARN_INT_CONVERSION = YES;
				CLANG_WARN_OBJC_ROOT_CLASS = YES_ERROR;
				CLANG_WARN_SUSPICIOUS_MOVE = YES;
				CLANG_WARN_UNREACHABLE_CODE = YES;
				CLANG_WARN__DUPLICATE_METHOD_MATCH = YES;
				CODE_SIGN_IDENTITY = "-";
				COPY_PHASE_STRIP = NO;
				DEBUG_INFORMATION_FORMAT = "dwarf-with-dsym";
				ENABLE_NS_ASSERTIONS = NO;
				ENABLE_STRICT_OBJC_MSGSEND = YES;
				GCC_C_LANGUAGE_STANDARD = gnu99;
				GCC_NO_COMMON_BLOCKS = YES;
				GCC_WARN_64_TO_32_BIT_CONVERSION = YES;
				GCC_WARN_ABOUT_RETURN_TYPE = YES_ERROR;
				GCC_WARN_UNDECLARED_SELECTOR = YES;
				GCC_WARN_UNINITIALIZED_AUTOS = YES_AGGRESSIVE;
				GCC_WARN_UNUSED_FUNCTION = YES;
				GCC_WARN_UNUSED_VARIABLE = YES;
				MACOSX_DEPLOYMENT_TARGET = 10.12;
				MTL_ENABLE_DEBUG_INFO = NO;
				SDKROOT = macosx;
			};
			name = Release;
		};
		BF23BCD61EA51FF50078C64B /* Debug */ = {
			isa = XCBuildConfiguration;
			buildSettings = {
				INFOPLIST_FILE = machmac/Info.plist;
				MODULE_NAME = com.luyat.machmac;
				MODULE_START = machmac_start;
				MODULE_STOP = machmac_stop;
				MODULE_VERSION = 1.0.0d1;
				PRODUCT_BUNDLE_IDENTIFIER = com.luyat.machmac;
				PRODUCT_NAME = "$(TARGET_NAME)";
				WRAPPER_EXTENSION = kext;
			};
			name = Debug;
		};
		BF23BCD71EA51FF50078C64B /* Release */ = {
			isa = XCBuildConfiguration;
			buildSettings = {
				INFOPLIST_FILE = machmac/Info.plist;
				MODULE_NAME = com.luyat.machmac;
				MODULE_START = machmac_start;
				MODULE_STOP = machmac_stop;
				MODULE_VERSION = 1.0.0d1;
				PRODUCT_BUNDLE_IDENTIFIER = com.luyat.machmac;
				PRODUCT_NAME = "$(TARGET_NAME)";
				WRAPPER_EXTENSION = kext;
			};
			name = Release;
		};
/* End XCBuildConfiguration section */

/* Begin XCConfigurationList section */
		BF23BCC71EA51FF50078C64B /* Build configuration list for PBXProject "machmac" */ = {
			isa = XCConfigurationList;
			buildConfigurations = (
				BF23BCD31EA51FF50078C64B /* Debug */,
				BF23BCD41EA51FF50078C64B /* Release */,
			);
			defaultConfigurationIsVisible = 0;
			defaultConfigurationName = Release;
		};
		BF23BCD51EA51FF50078C64B /* Build configuration list for PBXNativeTarget "machmac" */ = {
			isa = XCConfigurationList;
			buildConfigurations = (
				BF23BCD61EA51FF50078C64B /* Debug */,
				BF23BCD71EA51FF50078C64B /* Release */,
			);
			defaultConfigurationIsVisible = 0;
		};
/* End XCConfigurationList section */
	};
	rootObject = BF23BCC41EA51FF50078C64B /* Project object */;
}
